
Microsoft Visual Studio Solution File, Format Version 12.00
# Visual Studio Version 17
VisualStudioVersion = 17.8.34511.84
MinimumVisualStudioVersion = 10.0.40219.1
Project("{FAE04EC0-301F-11D3-BF4B-00C04F79EFBC}") = "Counter", "Counter\Counter.csproj", "{FD9956A0-2010-4AEF-B26D-C8ED127DE190}"
EndProject
Global
	GlobalSection(SolutionConfigurationPlatforms) = preSolution
		Debug|Any CPU = Debug|Any CPU
		Release|Any CPU = Release|Any CPU
	EndGlobalSection
	GlobalSection(ProjectConfigurationPlatforms) = postSolution
		{FD9956A0-2010-4AEF-B26D-C8ED127DE190}.Debug|Any CPU.ActiveCfg = Debug|Any CPU
		{FD9956A0-2010-4AEF-B26D-C8ED127DE190}.Debug|Any CPU.Build.0 = Debug|Any CPU
		{FD9956A0-2010-4AEF-B26D-C8ED127DE190}.Debug|Any CPU.Deploy.0 = Debug|Any CPU
		{FD9956A0-2010-4AEF-B26D-C8ED127DE190}.Release|Any CPU.ActiveCfg = Release|Any CPU
		{FD9956A0-2010-4AEF-B26D-C8ED127DE190}.Release|Any CPU.Build.0 = Release|Any CPU
		{FD9956A0-2010-4AEF-B26D-C8ED127DE190}.Release|Any CPU.Deploy.0 = Release|Any CPU
	EndGlobalSection
	GlobalSection(SolutionProperties) = preSolution
		HideSolutionNode = FALSE
	EndGlobalSection
	GlobalSection(ExtensibilityGlobals) = postSolution
		SolutionGuid = {A90892E4-A8B8-4E7B-8265-E04B0574CBF1}
	EndGlobalSection
EndGlobal
